<Solution>
  <Project Path="SportMatchPredictor.App/SportMatchPredictor.App.csproj" Id="fc0b8920-ff28-4dc3-85d5-b0df2030e34b" />
  <Project Path="SportMatchPredictor.ML/SportMatchPredictor.ML.csproj" Id="5b8c486e-49f1-4be6-b154-6286f824eeff" />
  <Project Path="SportMatchPredictor.Trainer/SportMatchPredictor.Trainer.csproj" Id="d7313773-39b2-43d7-8f09-d70d91def2e8" />
</Solution>
